
Microsoft Visual Studio Solution File, Format Version 12.00
# Visual Studio Version 17
VisualStudioVersion = 17.5.33318.248
MinimumVisualStudioVersion = 10.0.40219.1
Project("{9A19103F-16F7-4668-BE54-9A1E7A4F7556}") = "TerraVoice", "TerraVoice.csproj", "{AA5EB933-748D-4C17-93FA-3B7C8808E5C6}"
EndProject
Global
	GlobalSection(SolutionConfigurationPlatforms) = preSolution
		Debug|Any CPU = Debug|Any CPU
		Release|Any CPU = Release|Any CPU
	EndGlobalSection
	GlobalSection(ProjectConfigurationPlatforms) = postSolution
		{AA5EB933-748D-4C17-93FA-3B7C8808E5C6}.Debug|Any CPU.ActiveCfg = Debug|Any CPU
		{AA5EB933-748D-4C17-93FA-3B7C8808E5C6}.Debug|Any CPU.Build.0 = Debug|Any CPU
		{AA5EB933-748D-4C17-93FA-3B7C8808E5C6}.Release|Any CPU.ActiveCfg = Release|Any CPU
		{AA5EB933-748D-4C17-93FA-3B7C8808E5C6}.Release|Any CPU.Build.0 = Release|Any CPU
	EndGlobalSection
	GlobalSection(SolutionProperties) = preSolution
		HideSolutionNode = FALSE
	EndGlobalSection
	GlobalSection(ExtensibilityGlobals) = postSolution
		SolutionGuid = {CD259748-15C7-4518-AC0B-E82396C213BB}
	EndGlobalSection
EndGlobal
